
Microsoft Visual Studio Solution File, Format Version 12.00
# Visual Studio 15
VisualStudioVersion = 15.0.26730.16
MinimumVisualStudioVersion = 10.0.40219.1
Project("{FAE04EC0-301F-11D3-BF4B-00C04F79EFBC}") = "sahabat_umkm", "sahabat_umkm\sahabat_umkm.csproj", "{63CA85FA-1AA7-43A4-B033-C290DA55EB70}"
EndProject
Global
	GlobalSection(SolutionConfigurationPlatforms) = preSolution
		Debug|Any CPU = Debug|Any CPU
		Release|Any CPU = Release|Any CPU
	EndGlobalSection
	GlobalSection(ProjectConfigurationPlatforms) = postSolution
		{63CA85FA-1AA7-43A4-B033-C290DA55EB70}.Debug|Any CPU.ActiveCfg = Debug|Any CPU
		{63CA85FA-1AA7-43A4-B033-C290DA55EB70}.Debug|Any CPU.Build.0 = Debug|Any CPU
		{63CA85FA-1AA7-43A4-B033-C290DA55EB70}.Release|Any CPU.ActiveCfg = Release|Any CPU
		{63CA85FA-1AA7-43A4-B033-C290DA55EB70}.Release|Any CPU.Build.0 = Release|Any CPU
	EndGlobalSection
	GlobalSection(SolutionProperties) = preSolution
		HideSolutionNode = FALSE
	EndGlobalSection
	GlobalSection(ExtensibilityGlobals) = postSolution
		SolutionGuid = {4D9F3CE9-3FBD-4028-884F-8038F8DBB444}
	EndGlobalSection
EndGlobal
